// !$*UTF8*$!
{
	archiveVersion = 1;
	classes = {
	};
	objectVersion = 46;
	objects = {

/* Begin PBXBuildFile section */
		ED2FBC871CD1285200239396 /* main.c in Sources */ = {isa = PBXBuildFile; fileRef = ED2FBC861CD1285200239396 /* main.c */; };
		ED972E2F1CD0C515004F4D79 /* rfind.c in Sources */ = {isa = PBXBuildFile; fileRef = ED972E2E1CD0C515004F4D79 /* rfind.c */; };
/* End PBXBuildFile section */

/* Begin PBXCopyFilesBuildPhase section */
		ED972E291CD0C515004F4D79 /* CopyFiles */ = {
			isa = PBXCopyFilesBuildPhase;
			buildActionMask = 2147483647;
			dstPath = /usr/share/man/man1/;
			dstSubfolderSpec = 0;
			files = (
			);
			runOnlyForDeploymentPostprocessing = 1;
		};
/* End PBXCopyFilesBuildPhase section */

/* Begin PBXFileReference section */
		ED2FBC861CD1285200239396 /* main.c */ = {isa = PBXFileReference; fileEncoding = 4; lastKnownFileType = sourcecode.c.c; path = main.c; sourceTree = "<group>"; };
		ED2FBC881CD1289500239396 /* rfind.h */ = {isa = PBXFileReference; lastKnownFileType = sourcecode.c.h; path = rfind.h; sourceTree = "<group>"; };
		ED972E2B1CD0C515004F4D79 /* rfind2 */ = {isa = PBXFileReference; explicitFileType = "compiled.mach-o.executable"; includeInIndex = 0; path = rfind2; sourceTree = BUILT_PRODUCTS_DIR; };
		ED972E2E1CD0C515004F4D79 /* rfind.c */ = {isa = PBXFileReference; lastKnownFileType = sourcecode.c.c; path = rfind.c; sourceTree = "<group>"; };
/* End PBXFileReference section */

/* Begin PBXFrameworksBuildPhase section */
		ED972E281CD0C515004F4D79 /* Frameworks */ = {
			isa = PBXFrameworksBuildPhase;
			buildActionMask = 2147483647;
			files = (
			);
			runOnlyForDeploymentPostprocessing = 0;
		};
/* End PBXFrameworksBuildPhase section */

/* Begin PBXGroup section */
		ED972E221CD0C515004F4D79 = {
			isa = PBXGroup;
			children = (
				ED972E2D1CD0C515004F4D79 /* rfind2 */,
				ED972E2C1CD0C515004F4D79 /* Products */,
			);
			sourceTree = "<group>";
		};
		ED972E2C1CD0C515004F4D79 /* Products */ = {
			isa = PBXGroup;
			children = (
				ED972E2B1CD0C515004F4D79 /* rfind2 */,
			);
			name = Products;
			sourceTree = "<group>";
		};
		ED972E2D1CD0C515004F4D79 /* rfind2 */ = {
			isa = PBXGroup;
			children = (
				ED972E2E1CD0C515004F4D79 /* rfind.c */,
				ED2FBC881CD1289500239396 /* rfind.h */,
				ED2FBC861CD1285200239396 /* main.c */,
			);
			path = rfind2;
			sourceTree = "<group>";
		};
/* End PBXGroup section */

/* Begin PBXNativeTarget section */
		ED972E2A1CD0C515004F4D79 /* rfind2 */ = {
			isa = PBXNativeTarget;
			buildConfigurationList = ED972E321CD0C515004F4D79 /* Build configuration list for PBXNativeTarget "rfind2" */;
			buildPhases = (
				ED972E271CD0C515004F4D79 /* Sources */,
				ED972E281CD0C515004F4D79 /* Frameworks */,
				ED972E291CD0C515004F4D79 /* CopyFiles */,
			);
			buildRules = (
			);
			dependencies = (
			);
			name = rfind2;
			productName = rfind2;
			productReference = ED972E2B1CD0C515004F4D79 /* rfind2 */;
			productType = "com.apple.product-type.tool";
		};
/* End PBXNativeTarget section */

/* Begin PBXProject section */
		ED972E231CD0C515004F4D79 /* Project object */ = {
			isa = PBXProject;
			attributes = {
				LastUpgradeCheck = 0710;
				ORGANIZATIONNAME = "陈俊达";
				TargetAttributes = {
					ED972E2A1CD0C515004F4D79 = {
						CreatedOnToolsVersion = 7.1.1;
					};
				};
			};
			buildConfigurationList = ED972E261CD0C515004F4D79 /* Build configuration list for PBXProject "rfind2" */;
			compatibilityVersion = "Xcode 3.2";
			developmentRegion = English;
			hasScannedForEncodings = 0;
			knownRegions = (
				en,
			);
			mainGroup = ED972E221CD0C515004F4D79;
			productRefGroup = ED972E2C1CD0C515004F4D79 /* Products */;
			projectDirPath = "";
			projectRoot = "";
			targets = (
				ED972E2A1CD0C515004F4D79 /* rfind2 */,
			);
		};
/* End PBXProject section */

/* Begin PBXSourcesBuildPhase section */
		ED972E271CD0C515004F4D79 /* Sources */ = {
			isa = PBXSourcesBuildPhase;
			buildActionMask = 2147483647;
			files = (
				ED2FBC871CD1285200239396 /* main.c in Sources */,
				ED972E2F1CD0C515004F4D79 /* rfind.c in Sources */,
			);
			runOnlyForDeploymentPostprocessing = 0;
		};
/* End PBXSourcesBuildPhase section */

/* Begin XCBuildConfiguration section */
		ED972E301CD0C515004F4D79 /* Debug */ = {
			isa = XCBuildConfiguration;
			buildSettings = {
				ALWAYS_SEARCH_USER_PATHS = NO;
				CLANG_CXX_LANGUAGE_STANDARD = "gnu++0x";
				CLANG_CXX_LIBRARY = "libc++";
				CLANG_ENABLE_MODULES = YES;
				CLANG_ENABLE_OBJC_ARC = YES;
				CLANG_WARN_BOOL_CONVERSION = YES;
				CLANG_WARN_CONSTANT_CONVERSION = YES;
				CLANG_WARN_DIRECT_OBJC_ISA_USAGE = YES_ERROR;
				CLANG_WARN_EMPTY_BODY = YES;
				CLANG_WARN_ENUM_CONVERSION = YES;
				CLANG_WARN_INT_CONVERSION = YES;
				CLANG_WARN_OBJC_ROOT_CLASS = YES_ERROR;
				CLANG_WARN_UNREACHABLE_CODE = YES;
				CLANG_WARN__DUPLICATE_METHOD_MATCH = YES;
				CODE_SIGN_IDENTITY = "-";
				COPY_PHASE_STRIP = NO;
				DEBUG_INFORMATION_FORMAT = dwarf;
				ENABLE_STRICT_OBJC_MSGSEND = YES;
				ENABLE_TESTABILITY = YES;
				GCC_C_LANGUAGE_STANDARD = gnu99;
				GCC_DYNAMIC_NO_PIC = NO;
				GCC_NO_COMMON_BLOCKS = YES;
				GCC_OPTIMIZATION_LEVEL = 0;
				GCC_PREPROCESSOR_DEFINITIONS = (
					"DEBUG=1",
					"$(inherited)",
				);
				GCC_WARN_64_TO_32_BIT_CONVERSION = YES;
				GCC_WARN_ABOUT_RETURN_TYPE = YES_ERROR;
				GCC_WARN_UNDECLARED_SELECTOR = YES;
				GCC_WARN_UNINITIALIZED_AUTOS = YES_AGGRESSIVE;
				GCC_WARN_UNUSED_FUNCTION = YES;
				GCC_WARN_UNUSED_VARIABLE = YES;
				MACOSX_DEPLOYMENT_TARGET = 10.10;
				MTL_ENABLE_DEBUG_INFO = YES;
				ONLY_ACTIVE_ARCH = YES;
				SDKROOT = macosx;
			};
			name = Debug;
		};
		ED972E311CD0C515004F4D79 /* Release */ = {
			isa = XCBuildConfiguration;
			buildSettings = {
				ALWAYS_SEARCH_USER_PATHS = NO;
				CLANG_CXX_LANGUAGE_STANDARD = "gnu++0x";
				CLANG_CXX_LIBRARY = "libc++";
				CLANG_ENABLE_MODULES = YES;
				CLANG_ENABLE_OBJC_ARC = YES;
				CLANG_WARN_BOOL_CONVERSION = YES;
				CLANG_WARN_CONSTANT_CONVERSION = YES;
				CLANG_WARN_DIRECT_OBJC_ISA_USAGE = YES_ERROR;
				CLANG_WARN_EMPTY_BODY = YES;
				CLANG_WARN_ENUM_CONVERSION = YES;
				CLANG_WARN_INT_CONVERSION = YES;
				CLANG_WARN_OBJC_ROOT_CLASS = YES_ERROR;
				CLANG_WARN_UNREACHABLE_CODE = YES;
				CLANG_WARN__DUPLICATE_METHOD_MATCH = YES;
				CODE_SIGN_IDENTITY = "-";
				COPY_PHASE_STRIP = NO;
				DEBUG_INFORMATION_FORMAT = "dwarf-with-dsym";
				ENABLE_NS_ASSERTIONS = NO;
				ENABLE_STRICT_OBJC_MSGSEND = YES;
				GCC_C_LANGUAGE_STANDARD = gnu99;
				GCC_NO_COMMON_BLOCKS = YES;
				GCC_WARN_64_TO_32_BIT_CONVERSION = YES;
				GCC_WARN_ABOUT_RETURN_TYPE = YES_ERROR;
				GCC_WARN_UNDECLARED_SELECTOR = YES;
				GCC_WARN_UNINITIALIZED_AUTOS = YES_AGGRESSIVE;
				GCC_WARN_UNUSED_FUNCTION = YES;
				GCC_WARN_UNUSED_VARIABLE = YES;
				MACOSX_DEPLOYMENT_TARGET = 10.10;
				MTL_ENABLE_DEBUG_INFO = NO;
				SDKROOT = macosx;
			};
			name = Release;
		};
		ED972E331CD0C515004F4D79 /* Debug */ = {
			isa = XCBuildConfiguration;
			buildSettings = {
				PRODUCT_NAME = "$(TARGET_NAME)";
			};
			name = Debug;
		};
		ED972E341CD0C515004F4D79 /* Release */ = {
			isa = XCBuildConfiguration;
			buildSettings = {
				PRODUCT_NAME = "$(TARGET_NAME)";
			};
			name = Release;
		};
/* End XCBuildConfiguration section */

/* Begin XCConfigurationList section */
		ED972E261CD0C515004F4D79 /* Build configuration list for PBXProject "rfind2" */ = {
			isa = XCConfigurationList;
			buildConfigurations = (
				ED972E301CD0C515004F4D79 /* Debug */,
				ED972E311CD0C515004F4D79 /* Release */,
			);
			defaultConfigurationIsVisible = 0;
			defaultConfigurationName = Release;
		};
		ED972E321CD0C515004F4D79 /* Build configuration list for PBXNativeTarget "rfind2" */ = {
			isa = XCConfigurationList;
			buildConfigurations = (
				ED972E331CD0C515004F4D79 /* Debug */,
				ED972E341CD0C515004F4D79 /* Release */,
			);
			defaultConfigurationIsVisible = 0;
			defaultConfigurationName = Release;
		};
/* End XCConfigurationList section */
	};
	rootObject = ED972E231CD0C515004F4D79 /* Project object */;
}
